
Microsoft Visual Studio Solution File, Format Version 12.00
# Visual Studio Version 16
VisualStudioVersion = 16.0.29721.120
MinimumVisualStudioVersion = 10.0.40219.1
Project("{FAE04EC0-301F-11D3-BF4B-00C04F79EFBC}") = "SignalWire", "SignalWire\SignalWire.csproj", "{7FF478A9-6FF0-4AE3-8655-DADB11312D0A}"
EndProject
Project("{FAE04EC0-301F-11D3-BF4B-00C04F79EFBC}") = "Entities", "Entities\Entities.csproj", "{4DFC60BA-3058-432A-BEBC-AA02AD01C202}"
EndProject
Project("{FAE04EC0-301F-11D3-BF4B-00C04F79EFBC}") = "SMSDB", "SMSDB\SMSDB.csproj", "{3A0FB440-6977-4E92-BE0E-2A425DD0BB19}"
EndProject
Project("{FAE04EC0-301F-11D3-BF4B-00C04F79EFBC}") = "Repository", "Repository\Repository.csproj", "{060D25AB-507C-495E-95C4-3C72BAE4D8C2}"
EndProject
Project("{FAE04EC0-301F-11D3-BF4B-00C04F79EFBC}") = "SMSDomain", "Domain\SMSDomain.csproj", "{C5124C07-5A8C-427C-AE37-7FFB4DD47EE9}"
EndProject
Project("{FAE04EC0-301F-11D3-BF4B-00C04F79EFBC}") = "SMSApi", "SMSApi\SMSApi.csproj", "{91532446-58AF-4D9C-A5E2-F03746D5CA84}"
EndProject
Project("{FAE04EC0-301F-11D3-BF4B-00C04F79EFBC}") = "SMSWeb", "SMSWeb\SMSWeb.csproj", "{E7B9C304-3722-4750-A2A0-315269CEEFDE}"
EndProject
Global
	GlobalSection(SolutionConfigurationPlatforms) = preSolution
		Debug|Any CPU = Debug|Any CPU
		Release|Any CPU = Release|Any CPU
	EndGlobalSection
	GlobalSection(ProjectConfigurationPlatforms) = postSolution
		{7FF478A9-6FF0-4AE3-8655-DADB11312D0A}.Debug|Any CPU.ActiveCfg = Debug|Any CPU
		{7FF478A9-6FF0-4AE3-8655-DADB11312D0A}.Debug|Any CPU.Build.0 = Debug|Any CPU
		{7FF478A9-6FF0-4AE3-8655-DADB11312D0A}.Release|Any CPU.ActiveCfg = Release|Any CPU
		{7FF478A9-6FF0-4AE3-8655-DADB11312D0A}.Release|Any CPU.Build.0 = Release|Any CPU
		{4DFC60BA-3058-432A-BEBC-AA02AD01C202}.Debug|Any CPU.ActiveCfg = Debug|Any CPU
		{4DFC60BA-3058-432A-BEBC-AA02AD01C202}.Debug|Any CPU.Build.0 = Debug|Any CPU
		{4DFC60BA-3058-432A-BEBC-AA02AD01C202}.Release|Any CPU.ActiveCfg = Release|Any CPU
		{4DFC60BA-3058-432A-BEBC-AA02AD01C202}.Release|Any CPU.Build.0 = Release|Any CPU
		{3A0FB440-6977-4E92-BE0E-2A425DD0BB19}.Debug|Any CPU.ActiveCfg = Debug|Any CPU
		{3A0FB440-6977-4E92-BE0E-2A425DD0BB19}.Debug|Any CPU.Build.0 = Debug|Any CPU
		{3A0FB440-6977-4E92-BE0E-2A425DD0BB19}.Release|Any CPU.ActiveCfg = Release|Any CPU
		{3A0FB440-6977-4E92-BE0E-2A425DD0BB19}.Release|Any CPU.Build.0 = Release|Any CPU
		{060D25AB-507C-495E-95C4-3C72BAE4D8C2}.Debug|Any CPU.ActiveCfg = Debug|Any CPU
		{060D25AB-507C-495E-95C4-3C72BAE4D8C2}.Debug|Any CPU.Build.0 = Debug|Any CPU
		{060D25AB-507C-495E-95C4-3C72BAE4D8C2}.Release|Any CPU.ActiveCfg = Release|Any CPU
		{060D25AB-507C-495E-95C4-3C72BAE4D8C2}.Release|Any CPU.Build.0 = Release|Any CPU
		{C5124C07-5A8C-427C-AE37-7FFB4DD47EE9}.Debug|Any CPU.ActiveCfg = Debug|Any CPU
		{C5124C07-5A8C-427C-AE37-7FFB4DD47EE9}.Debug|Any CPU.Build.0 = Debug|Any CPU
		{C5124C07-5A8C-427C-AE37-7FFB4DD47EE9}.Release|Any CPU.ActiveCfg = Release|Any CPU
		{C5124C07-5A8C-427C-AE37-7FFB4DD47EE9}.Release|Any CPU.Build.0 = Release|Any CPU
		{91532446-58AF-4D9C-A5E2-F03746D5CA84}.Debug|Any CPU.ActiveCfg = Debug|Any CPU
		{91532446-58AF-4D9C-A5E2-F03746D5CA84}.Debug|Any CPU.Build.0 = Debug|Any CPU
		{91532446-58AF-4D9C-A5E2-F03746D5CA84}.Release|Any CPU.ActiveCfg = Release|Any CPU
		{91532446-58AF-4D9C-A5E2-F03746D5CA84}.Release|Any CPU.Build.0 = Release|Any CPU
		{E7B9C304-3722-4750-A2A0-315269CEEFDE}.Debug|Any CPU.ActiveCfg = Debug|Any CPU
		{E7B9C304-3722-4750-A2A0-315269CEEFDE}.Debug|Any CPU.Build.0 = Debug|Any CPU
		{E7B9C304-3722-4750-A2A0-315269CEEFDE}.Release|Any CPU.ActiveCfg = Release|Any CPU
		{E7B9C304-3722-4750-A2A0-315269CEEFDE}.Release|Any CPU.Build.0 = Release|Any CPU
	EndGlobalSection
	GlobalSection(SolutionProperties) = preSolution
		HideSolutionNode = FALSE
	EndGlobalSection
	GlobalSection(ExtensibilityGlobals) = postSolution
		SolutionGuid = {5F06AF5F-A7D4-4CFE-9B1B-7B37BA1FC7D7}
	EndGlobalSection
EndGlobal
